
Microsoft Visual Studio Solution File, Format Version 12.00
# Visual Studio Version 17
VisualStudioVersion = 17.5.33627.172
MinimumVisualStudioVersion = 10.0.40219.1
Project("{FAE04EC0-301F-11D3-BF4B-00C04F79EFBC}") = "ComputerInformationMSTest", "ComputerInformationMSTest\ComputerInformationMSTest.csproj", "{80395C21-A245-4665-BB0C-A96125919FCC}"
EndProject
Global
	GlobalSection(SolutionConfigurationPlatforms) = preSolution
		Debug|Any CPU = Debug|Any CPU
		Release|Any CPU = Release|Any CPU
	EndGlobalSection
	GlobalSection(ProjectConfigurationPlatforms) = postSolution
		{80395C21-A245-4665-BB0C-A96125919FCC}.Debug|Any CPU.ActiveCfg = Debug|Any CPU
		{80395C21-A245-4665-BB0C-A96125919FCC}.Debug|Any CPU.Build.0 = Debug|Any CPU
		{80395C21-A245-4665-BB0C-A96125919FCC}.Release|Any CPU.ActiveCfg = Release|Any CPU
		{80395C21-A245-4665-BB0C-A96125919FCC}.Release|Any CPU.Build.0 = Release|Any CPU
	EndGlobalSection
	GlobalSection(SolutionProperties) = preSolution
		HideSolutionNode = FALSE
	EndGlobalSection
	GlobalSection(ExtensibilityGlobals) = postSolution
		SolutionGuid = {C9C10970-183E-406E-AA34-39D770D4F669}
	EndGlobalSection
EndGlobal
